{
  "name": "create-hearth",
  "version": "0.6.0-beta.2",
  "lockfileVersion": 3,
  "requires": true,
  "packages": {
    "": {
      "name": "create-hearth",
      "version": "0.6.0-beta.2",
      "license": "MIT",
      "bin": {
        "create-hearth": "cli/create-hearth.mjs",
        "hearth": "cli/hearth.mjs"
      },
      "engines": {
        "node": ">=20"
      }
    }
  }
}
